// !$*UTF8*$!
{
	archiveVersion = 1;
	classes = {
	};
	objectVersion = 52;
	objects = {

/* Begin PBXBuildFile section */
		A3077C0926F20BAC00A2CE4F /* DDEmpty.m in Sources */ = {isa = PBXBuildFile; fileRef = A3077C0826F20BAC00A2CE4F /* DDEmpty.m */; };
		A3871F0526E5B04700980895 /* DDTestDemo.m in Sources */ = {isa = PBXBuildFile; fileRef = A3871F0426E5B04700980895 /* DDTestDemo.m */; platformFilter = ios; };
		A3871F0626E5B04700980895 /* DDTestDemo.h in CopyFiles */ = {isa = PBXBuildFile; fileRef = A3871F0326E5B04700980895 /* DDTestDemo.h */; };
		A3871F0E26E5B09400980895 /* DDTestObjectA.m in Sources */ = {isa = PBXBuildFile; fileRef = A3871F0D26E5B09400980895 /* DDTestObjectA.m */; platformFilter = ios; };
		A3871F1126E5B19000980895 /* DDTestSuperObject.m in Sources */ = {isa = PBXBuildFile; fileRef = A3871F1026E5B19000980895 /* DDTestSuperObject.m */; platformFilter = ios; };
		A3871F1426E5B48100980895 /* DDTestObjectB.m in Sources */ = {isa = PBXBuildFile; fileRef = A3871F1326E5B48100980895 /* DDTestObjectB.m */; platformFilter = ios; };
/* End PBXBuildFile section */

/* Begin PBXCopyFilesBuildPhase section */
		A3871EFE26E5B04700980895 /* CopyFiles */ = {
			isa = PBXCopyFilesBuildPhase;
			buildActionMask = 2147483647;
			dstPath = "include/$(PRODUCT_NAME)";
			dstSubfolderSpec = 16;
			files = (
				A3871F0626E5B04700980895 /* DDTestDemo.h in CopyFiles */,
			);
			runOnlyForDeploymentPostprocessing = 0;
		};
/* End PBXCopyFilesBuildPhase section */

/* Begin PBXFileReference section */
		A3077C0726F20BAC00A2CE4F /* DDEmpty.h */ = {isa = PBXFileReference; lastKnownFileType = sourcecode.c.h; path = DDEmpty.h; sourceTree = "<group>"; };
		A3077C0826F20BAC00A2CE4F /* DDEmpty.m */ = {isa = PBXFileReference; lastKnownFileType = sourcecode.c.objc; path = DDEmpty.m; sourceTree = "<group>"; };
		A3871F0026E5B04700980895 /* libDDTestDemo.a */ = {isa = PBXFileReference; explicitFileType = archive.ar; includeInIndex = 0; path = libDDTestDemo.a; sourceTree = BUILT_PRODUCTS_DIR; };
		A3871F0326E5B04700980895 /* DDTestDemo.h */ = {isa = PBXFileReference; lastKnownFileType = sourcecode.c.h; path = DDTestDemo.h; sourceTree = "<group>"; };
		A3871F0426E5B04700980895 /* DDTestDemo.m */ = {isa = PBXFileReference; lastKnownFileType = sourcecode.c.objc; path = DDTestDemo.m; sourceTree = "<group>"; };
		A3871F0C26E5B09400980895 /* DDTestObjectA.h */ = {isa = PBXFileReference; lastKnownFileType = sourcecode.c.h; path = DDTestObjectA.h; sourceTree = "<group>"; };
		A3871F0D26E5B09400980895 /* DDTestObjectA.m */ = {isa = PBXFileReference; lastKnownFileType = sourcecode.c.objc; path = DDTestObjectA.m; sourceTree = "<group>"; };
		A3871F0F26E5B19000980895 /* DDTestSuperObject.h */ = {isa = PBXFileReference; lastKnownFileType = sourcecode.c.h; path = DDTestSuperObject.h; sourceTree = "<group>"; };
		A3871F1026E5B19000980895 /* DDTestSuperObject.m */ = {isa = PBXFileReference; lastKnownFileType = sourcecode.c.objc; path = DDTestSuperObject.m; sourceTree = "<group>"; };
		A3871F1226E5B48100980895 /* DDTestObjectB.h */ = {isa = PBXFileReference; lastKnownFileType = sourcecode.c.h; path = DDTestObjectB.h; sourceTree = "<group>"; };
		A3871F1326E5B48100980895 /* DDTestObjectB.m */ = {isa = PBXFileReference; lastKnownFileType = sourcecode.c.objc; path = DDTestObjectB.m; sourceTree = "<group>"; };
/* End PBXFileReference section */

/* Begin PBXFrameworksBuildPhase section */
		A3871EFD26E5B04700980895 /* Frameworks */ = {
			isa = PBXFrameworksBuildPhase;
			buildActionMask = 2147483647;
			files = (
			);
			runOnlyForDeploymentPostprocessing = 0;
		};
/* End PBXFrameworksBuildPhase section */

/* Begin PBXGroup section */
		A3871EF726E5B04700980895 = {
			isa = PBXGroup;
			children = (
				A3871F0226E5B04700980895 /* DDTestDemo */,
				A3871F0126E5B04700980895 /* Products */,
			);
			sourceTree = "<group>";
		};
		A3871F0126E5B04700980895 /* Products */ = {
			isa = PBXGroup;
			children = (
				A3871F0026E5B04700980895 /* libDDTestDemo.a */,
			);
			name = Products;
			sourceTree = "<group>";
		};
		A3871F0226E5B04700980895 /* DDTestDemo */ = {
			isa = PBXGroup;
			children = (
				A3871F0326E5B04700980895 /* DDTestDemo.h */,
				A3871F0426E5B04700980895 /* DDTestDemo.m */,
				A3871F0F26E5B19000980895 /* DDTestSuperObject.h */,
				A3871F1026E5B19000980895 /* DDTestSuperObject.m */,
				A3871F0C26E5B09400980895 /* DDTestObjectA.h */,
				A3871F0D26E5B09400980895 /* DDTestObjectA.m */,
				A3871F1226E5B48100980895 /* DDTestObjectB.h */,
				A3871F1326E5B48100980895 /* DDTestObjectB.m */,
				A3077C0726F20BAC00A2CE4F /* DDEmpty.h */,
				A3077C0826F20BAC00A2CE4F /* DDEmpty.m */,
			);
			path = DDTestDemo;
			sourceTree = "<group>";
		};
/* End PBXGroup section */

/* Begin PBXNativeTarget section */
		A3871EFF26E5B04700980895 /* DDTestDemo */ = {
			isa = PBXNativeTarget;
			buildConfigurationList = A3871F0926E5B04700980895 /* Build configuration list for PBXNativeTarget "DDTestDemo" */;
			buildPhases = (
				A3871EFC26E5B04700980895 /* Sources */,
				A3871EFD26E5B04700980895 /* Frameworks */,
				A3871EFE26E5B04700980895 /* CopyFiles */,
			);
			buildRules = (
			);
			dependencies = (
			);
			name = DDTestDemo;
			productName = DDTestDemo;
			productReference = A3871F0026E5B04700980895 /* libDDTestDemo.a */;
			productType = "com.apple.product-type.library.static";
		};
/* End PBXNativeTarget section */

/* Begin PBXProject section */
		A3871EF826E5B04700980895 /* Project object */ = {
			isa = PBXProject;
			attributes = {
				LastUpgradeCheck = 1250;
				TargetAttributes = {
					A3871EFF26E5B04700980895 = {
						CreatedOnToolsVersion = 12.5.1;
					};
				};
			};
			buildConfigurationList = A3871EFB26E5B04700980895 /* Build configuration list for PBXProject "DDTestDemo" */;
			compatibilityVersion = "Xcode 9.3";
			developmentRegion = en;
			hasScannedForEncodings = 0;
			knownRegions = (
				en,
				Base,
			);
			mainGroup = A3871EF726E5B04700980895;
			productRefGroup = A3871F0126E5B04700980895 /* Products */;
			projectDirPath = "";
			projectRoot = "";
			targets = (
				A3871EFF26E5B04700980895 /* DDTestDemo */,
			);
		};
/* End PBXProject section */

/* Begin PBXSourcesBuildPhase section */
		A3871EFC26E5B04700980895 /* Sources */ = {
			isa = PBXSourcesBuildPhase;
			buildActionMask = 2147483647;
			files = (
				A3871F1126E5B19000980895 /* DDTestSuperObject.m in Sources */,
				A3871F0E26E5B09400980895 /* DDTestObjectA.m in Sources */,
				A3871F0526E5B04700980895 /* DDTestDemo.m in Sources */,
				A3077C0926F20BAC00A2CE4F /* DDEmpty.m in Sources */,
				A3871F1426E5B48100980895 /* DDTestObjectB.m in Sources */,
			);
			runOnlyForDeploymentPostprocessing = 0;
		};
/* End PBXSourcesBuildPhase section */

/* Begin XCBuildConfiguration section */
		A3871F0726E5B04700980895 /* Debug */ = {
			isa = XCBuildConfiguration;
			buildSettings = {
				ALWAYS_SEARCH_USER_PATHS = NO;
				CLANG_ANALYZER_NONNULL = YES;
				CLANG_ANALYZER_NUMBER_OBJECT_CONVERSION = YES_AGGRESSIVE;
				CLANG_CXX_LANGUAGE_STANDARD = "gnu++14";
				CLANG_CXX_LIBRARY = "libc++";
				CLANG_ENABLE_MODULES = YES;
				CLANG_ENABLE_OBJC_ARC = YES;
				CLANG_ENABLE_OBJC_WEAK = YES;
				CLANG_WARN_BLOCK_CAPTURE_AUTORELEASING = YES;
				CLANG_WARN_BOOL_CONVERSION = YES;
				CLANG_WARN_COMMA = YES;
				CLANG_WARN_CONSTANT_CONVERSION = YES;
				CLANG_WARN_DEPRECATED_OBJC_IMPLEMENTATIONS = YES;
				CLANG_WARN_DIRECT_OBJC_ISA_USAGE = YES_ERROR;
				CLANG_WARN_DOCUMENTATION_COMMENTS = YES;
				CLANG_WARN_EMPTY_BODY = YES;
				CLANG_WARN_ENUM_CONVERSION = YES;
				CLANG_WARN_INFINITE_RECURSION = YES;
				CLANG_WARN_INT_CONVERSION = YES;
				CLANG_WARN_NON_LITERAL_NULL_CONVERSION = YES;
				CLANG_WARN_OBJC_IMPLICIT_RETAIN_SELF = YES;
				CLANG_WARN_OBJC_LITERAL_CONVERSION = YES;
				CLANG_WARN_OBJC_ROOT_CLASS = YES_ERROR;
				CLANG_WARN_QUOTED_INCLUDE_IN_FRAMEWORK_HEADER = YES;
				CLANG_WARN_RANGE_LOOP_ANALYSIS = YES;
				CLANG_WARN_STRICT_PROTOTYPES = YES;
				CLANG_WARN_SUSPICIOUS_MOVE = YES;
				CLANG_WARN_UNGUARDED_AVAILABILITY = YES_AGGRESSIVE;
				CLANG_WARN_UNREACHABLE_CODE = YES;
				CLANG_WARN__DUPLICATE_METHOD_MATCH = YES;
				COPY_PHASE_STRIP = NO;
				DEBUG_INFORMATION_FORMAT = dwarf;
				ENABLE_STRICT_OBJC_MSGSEND = YES;
				ENABLE_TESTABILITY = YES;
				GCC_C_LANGUAGE_STANDARD = gnu11;
				GCC_DYNAMIC_NO_PIC = NO;
				GCC_NO_COMMON_BLOCKS = YES;
				GCC_OPTIMIZATION_LEVEL = 0;
				GCC_PREPROCESSOR_DEFINITIONS = (
					"DEBUG=1",
					"$(inherited)",
				);
				GCC_WARN_64_TO_32_BIT_CONVERSION = YES;
				GCC_WARN_ABOUT_RETURN_TYPE = YES_ERROR;
				GCC_WARN_UNDECLARED_SELECTOR = YES;
				GCC_WARN_UNINITIALIZED_AUTOS = YES_AGGRESSIVE;
				GCC_WARN_UNUSED_FUNCTION = YES;
				GCC_WARN_UNUSED_VARIABLE = YES;
				IPHONEOS_DEPLOYMENT_TARGET = 10.0;
				MTL_ENABLE_DEBUG_INFO = INCLUDE_SOURCE;
				MTL_FAST_MATH = YES;
				ONLY_ACTIVE_ARCH = YES;
				SDKROOT = iphoneos;
			};
			name = Debug;
		};
		A3871F0826E5B04700980895 /* Release */ = {
			isa = XCBuildConfiguration;
			buildSettings = {
				ALWAYS_SEARCH_USER_PATHS = NO;
				CLANG_ANALYZER_NONNULL = YES;
				CLANG_ANALYZER_NUMBER_OBJECT_CONVERSION = YES_AGGRESSIVE;
				CLANG_CXX_LANGUAGE_STANDARD = "gnu++14";
				CLANG_CXX_LIBRARY = "libc++";
				CLANG_ENABLE_MODULES = YES;
				CLANG_ENABLE_OBJC_ARC = YES;
				CLANG_ENABLE_OBJC_WEAK = YES;
				CLANG_WARN_BLOCK_CAPTURE_AUTORELEASING = YES;
				CLANG_WARN_BOOL_CONVERSION = YES;
				CLANG_WARN_COMMA = YES;
				CLANG_WARN_CONSTANT_CONVERSION = YES;
				CLANG_WARN_DEPRECATED_OBJC_IMPLEMENTATIONS = YES;
				CLANG_WARN_DIRECT_OBJC_ISA_USAGE = YES_ERROR;
				CLANG_WARN_DOCUMENTATION_COMMENTS = YES;
				CLANG_WARN_EMPTY_BODY = YES;
				CLANG_WARN_ENUM_CONVERSION = YES;
				CLANG_WARN_INFINITE_RECURSION = YES;
				CLANG_WARN_INT_CONVERSION = YES;
				CLANG_WARN_NON_LITERAL_NULL_CONVERSION = YES;
				CLANG_WARN_OBJC_IMPLICIT_RETAIN_SELF = YES;
				CLANG_WARN_OBJC_LITERAL_CONVERSION = YES;
				CLANG_WARN_OBJC_ROOT_CLASS = YES_ERROR;
				CLANG_WARN_QUOTED_INCLUDE_IN_FRAMEWORK_HEADER = YES;
				CLANG_WARN_RANGE_LOOP_ANALYSIS = YES;
				CLANG_WARN_STRICT_PROTOTYPES = YES;
				CLANG_WARN_SUSPICIOUS_MOVE = YES;
				CLANG_WARN_UNGUARDED_AVAILABILITY = YES_AGGRESSIVE;
				CLANG_WARN_UNREACHABLE_CODE = YES;
				CLANG_WARN__DUPLICATE_METHOD_MATCH = YES;
				COPY_PHASE_STRIP = NO;
				DEBUG_INFORMATION_FORMAT = "dwarf-with-dsym";
				ENABLE_NS_ASSERTIONS = NO;
				ENABLE_STRICT_OBJC_MSGSEND = YES;
				GCC_C_LANGUAGE_STANDARD = gnu11;
				GCC_NO_COMMON_BLOCKS = YES;
				GCC_WARN_64_TO_32_BIT_CONVERSION = YES;
				GCC_WARN_ABOUT_RETURN_TYPE = YES_ERROR;
				GCC_WARN_UNDECLARED_SELECTOR = YES;
				GCC_WARN_UNINITIALIZED_AUTOS = YES_AGGRESSIVE;
				GCC_WARN_UNUSED_FUNCTION = YES;
				GCC_WARN_UNUSED_VARIABLE = YES;
				IPHONEOS_DEPLOYMENT_TARGET = 10.0;
				MTL_ENABLE_DEBUG_INFO = NO;
				MTL_FAST_MATH = YES;
				SDKROOT = iphoneos;
				VALIDATE_PRODUCT = YES;
			};
			name = Release;
		};
		A3871F0A26E5B04700980895 /* Debug */ = {
			isa = XCBuildConfiguration;
			buildSettings = {
				CODE_SIGN_STYLE = Automatic;
				DEVELOPMENT_TEAM = 5T35W28N8A;
				OTHER_CFLAGS = "-fembed-bitcode";
				OTHER_LDFLAGS = "-ObjC";
				PRODUCT_NAME = "$(TARGET_NAME)";
				SKIP_INSTALL = YES;
				TARGETED_DEVICE_FAMILY = "1,2";
			};
			name = Debug;
		};
		A3871F0B26E5B04700980895 /* Release */ = {
			isa = XCBuildConfiguration;
			buildSettings = {
				CODE_SIGN_STYLE = Automatic;
				DEVELOPMENT_TEAM = 5T35W28N8A;
				OTHER_CFLAGS = "-fembed-bitcode";
				OTHER_LDFLAGS = "-ObjC";
				PRODUCT_NAME = "$(TARGET_NAME)";
				SKIP_INSTALL = YES;
				TARGETED_DEVICE_FAMILY = "1,2";
			};
			name = Release;
		};
/* End XCBuildConfiguration section */

/* Begin XCConfigurationList section */
		A3871EFB26E5B04700980895 /* Build configuration list for PBXProject "DDTestDemo" */ = {
			isa = XCConfigurationList;
			buildConfigurations = (
				A3871F0726E5B04700980895 /* Debug */,
				A3871F0826E5B04700980895 /* Release */,
			);
			defaultConfigurationIsVisible = 0;
			defaultConfigurationName = Release;
		};
		A3871F0926E5B04700980895 /* Build configuration list for PBXNativeTarget "DDTestDemo" */ = {
			isa = XCConfigurationList;
			buildConfigurations = (
				A3871F0A26E5B04700980895 /* Debug */,
				A3871F0B26E5B04700980895 /* Release */,
			);
			defaultConfigurationIsVisible = 0;
			defaultConfigurationName = Release;
		};
/* End XCConfigurationList section */
	};
	rootObject = A3871EF826E5B04700980895 /* Project object */;
}
